
Microsoft Visual Studio Solution File, Format Version 12.00
# Visual Studio Version 17
VisualStudioVersion = 17.0.32112.339
MinimumVisualStudioVersion = 10.0.40219.1
Project("{FAE04EC0-301F-11D3-BF4B-00C04F79EFBC}") = "ED-Embrasures_1.0", "1.0\ED-Embrasures_1.0.csproj", "{975C4632-336D-4100-87BB-32D726A1D86D}"
EndProject
Project("{FAE04EC0-301F-11D3-BF4B-00C04F79EFBC}") = "ED-Embrasures_1.1", "1.1\ED-Embrasures_1.1.csproj", "{D88CE886-7F4A-4CC2-BAEF-5851B24BC19C}"
EndProject
Project("{FAE04EC0-301F-11D3-BF4B-00C04F79EFBC}") = "ED-Embrasures_1.2", "1.2\ED-Embrasures_1.2.csproj", "{CE75CD78-C80A-4645-975C-38A1087CC50E}"
EndProject
Project("{FAE04EC0-301F-11D3-BF4B-00C04F79EFBC}") = "ED-Embrasures_1.3", "1.3\ED-Embrasures_1.3.csproj", "{62CDC5AF-26EB-4C73-87B9-5976FEEE25CF}"
EndProject
Global
	GlobalSection(SolutionConfigurationPlatforms) = preSolution
		Debug|Any CPU = Debug|Any CPU
		Release|Any CPU = Release|Any CPU
	EndGlobalSection
	GlobalSection(ProjectConfigurationPlatforms) = postSolution
		{975C4632-336D-4100-87BB-32D726A1D86D}.Debug|Any CPU.ActiveCfg = Debug|Any CPU
		{975C4632-336D-4100-87BB-32D726A1D86D}.Debug|Any CPU.Build.0 = Debug|Any CPU
		{975C4632-336D-4100-87BB-32D726A1D86D}.Release|Any CPU.ActiveCfg = Release|Any CPU
		{975C4632-336D-4100-87BB-32D726A1D86D}.Release|Any CPU.Build.0 = Release|Any CPU
		{D88CE886-7F4A-4CC2-BAEF-5851B24BC19C}.Debug|Any CPU.ActiveCfg = Debug|Any CPU
		{D88CE886-7F4A-4CC2-BAEF-5851B24BC19C}.Debug|Any CPU.Build.0 = Debug|Any CPU
		{D88CE886-7F4A-4CC2-BAEF-5851B24BC19C}.Release|Any CPU.ActiveCfg = Release|Any CPU
		{D88CE886-7F4A-4CC2-BAEF-5851B24BC19C}.Release|Any CPU.Build.0 = Release|Any CPU
		{CE75CD78-C80A-4645-975C-38A1087CC50E}.Debug|Any CPU.ActiveCfg = Debug|Any CPU
		{CE75CD78-C80A-4645-975C-38A1087CC50E}.Debug|Any CPU.Build.0 = Debug|Any CPU
		{CE75CD78-C80A-4645-975C-38A1087CC50E}.Release|Any CPU.ActiveCfg = Release|Any CPU
		{CE75CD78-C80A-4645-975C-38A1087CC50E}.Release|Any CPU.Build.0 = Release|Any CPU
		{62CDC5AF-26EB-4C73-87B9-5976FEEE25CF}.Debug|Any CPU.ActiveCfg = Debug|Any CPU
		{62CDC5AF-26EB-4C73-87B9-5976FEEE25CF}.Debug|Any CPU.Build.0 = Debug|Any CPU
		{62CDC5AF-26EB-4C73-87B9-5976FEEE25CF}.Release|Any CPU.ActiveCfg = Release|Any CPU
		{62CDC5AF-26EB-4C73-87B9-5976FEEE25CF}.Release|Any CPU.Build.0 = Release|Any CPU
	EndGlobalSection
	GlobalSection(SolutionProperties) = preSolution
		HideSolutionNode = FALSE
	EndGlobalSection
	GlobalSection(ExtensibilityGlobals) = postSolution
		SolutionGuid = {BD5BB9DD-9FD4-4E99-BB54-114E6F60A394}
	EndGlobalSection
EndGlobal
